// !$*UTF8*$!
{
	archiveVersion = 1;
	classes = {
	};
	objectVersion = 46;
	objects = {

/* Begin PBXBuildFile section */
		9E8383E21C8B82D90014D24C /* AppDelegate.swift in Sources */ = {isa = PBXBuildFile; fileRef = 9E8383E11C8B82D90014D24C /* AppDelegate.swift */; };
		9E8383E71C8B82D90014D24C /* Main.storyboard in Resources */ = {isa = PBXBuildFile; fileRef = 9E8383E51C8B82D90014D24C /* Main.storyboard */; };
		9E8383E91C8B82D90014D24C /* Assets.xcassets in Resources */ = {isa = PBXBuildFile; fileRef = 9E8383E81C8B82D90014D24C /* Assets.xcassets */; };
		9E8383EC1C8B82D90014D24C /* LaunchScreen.storyboard in Resources */ = {isa = PBXBuildFile; fileRef = 9E8383EA1C8B82D90014D24C /* LaunchScreen.storyboard */; };
		9E8383F41C8B8EA50014D24C /* ProductViewController.swift in Sources */ = {isa = PBXBuildFile; fileRef = 9E8383F31C8B8EA50014D24C /* ProductViewController.swift */; };
		9E8383F61C8B95BF0014D24C /* ContactViewController.swift in Sources */ = {isa = PBXBuildFile; fileRef = 9E8383F51C8B95BF0014D24C /* ContactViewController.swift */; };
		9E8383F81C8B9CF20014D24C /* ProductsTableViewController.swift in Sources */ = {isa = PBXBuildFile; fileRef = 9E8383F71C8B9CF10014D24C /* ProductsTableViewController.swift */; };
		9EA6D3D11C8CBD4E0004B3BD /* Product.swift in Sources */ = {isa = PBXBuildFile; fileRef = 9EA6D3D01C8CBD4E0004B3BD /* Product.swift */; };
/* End PBXBuildFile section */

/* Begin PBXFileReference section */
		9E8383DE1C8B82D90014D24C /* GoodAsOldPhones.app */ = {isa = PBXFileReference; explicitFileType = wrapper.application; includeInIndex = 0; path = GoodAsOldPhones.app; sourceTree = BUILT_PRODUCTS_DIR; };
		9E8383E11C8B82D90014D24C /* AppDelegate.swift */ = {isa = PBXFileReference; lastKnownFileType = sourcecode.swift; path = AppDelegate.swift; sourceTree = "<group>"; };
		9E8383E61C8B82D90014D24C /* Base */ = {isa = PBXFileReference; lastKnownFileType = file.storyboard; name = Base; path = Base.lproj/Main.storyboard; sourceTree = "<group>"; };
		9E8383E81C8B82D90014D24C /* Assets.xcassets */ = {isa = PBXFileReference; lastKnownFileType = folder.assetcatalog; path = Assets.xcassets; sourceTree = "<group>"; };
		9E8383EB1C8B82D90014D24C /* Base */ = {isa = PBXFileReference; lastKnownFileType = file.storyboard; name = Base; path = Base.lproj/LaunchScreen.storyboard; sourceTree = "<group>"; };
		9E8383ED1C8B82D90014D24C /* Info.plist */ = {isa = PBXFileReference; lastKnownFileType = text.plist.xml; path = Info.plist; sourceTree = "<group>"; };
		9E8383F31C8B8EA50014D24C /* ProductViewController.swift */ = {isa = PBXFileReference; fileEncoding = 4; lastKnownFileType = sourcecode.swift; path = ProductViewController.swift; sourceTree = "<group>"; };
		9E8383F51C8B95BF0014D24C /* ContactViewController.swift */ = {isa = PBXFileReference; fileEncoding = 4; lastKnownFileType = sourcecode.swift; path = ContactViewController.swift; sourceTree = "<group>"; };
		9E8383F71C8B9CF10014D24C /* ProductsTableViewController.swift */ = {isa = PBXFileReference; fileEncoding = 4; lastKnownFileType = sourcecode.swift; path = ProductsTableViewController.swift; sourceTree = "<group>"; };
		9EA6D3D01C8CBD4E0004B3BD /* Product.swift */ = {isa = PBXFileReference; fileEncoding = 4; lastKnownFileType = sourcecode.swift; path = Product.swift; sourceTree = "<group>"; };
/* End PBXFileReference section */

/* Begin PBXFrameworksBuildPhase section */
		9E8383DB1C8B82D90014D24C /* Frameworks */ = {
			isa = PBXFrameworksBuildPhase;
			buildActionMask = 2147483647;
			files = (
			);
			runOnlyForDeploymentPostprocessing = 0;
		};
/* End PBXFrameworksBuildPhase section */

/* Begin PBXGroup section */
		9E8383D51C8B82D90014D24C = {
			isa = PBXGroup;
			children = (
				9E8383E01C8B82D90014D24C /* GoodAsOldPhones */,
				9E8383DF1C8B82D90014D24C /* Products */,
			);
			sourceTree = "<group>";
		};
		9E8383DF1C8B82D90014D24C /* Products */ = {
			isa = PBXGroup;
			children = (
				9E8383DE1C8B82D90014D24C /* GoodAsOldPhones.app */,
			);
			name = Products;
			sourceTree = "<group>";
		};
		9E8383E01C8B82D90014D24C /* GoodAsOldPhones */ = {
			isa = PBXGroup;
			children = (
				9E8383E11C8B82D90014D24C /* AppDelegate.swift */,
				9E8383E51C8B82D90014D24C /* Main.storyboard */,
				9E8383E81C8B82D90014D24C /* Assets.xcassets */,
				9E8383EA1C8B82D90014D24C /* LaunchScreen.storyboard */,
				9E8383ED1C8B82D90014D24C /* Info.plist */,
				9E8383F31C8B8EA50014D24C /* ProductViewController.swift */,
				9E8383F51C8B95BF0014D24C /* ContactViewController.swift */,
				9E8383F71C8B9CF10014D24C /* ProductsTableViewController.swift */,
				9EA6D3D01C8CBD4E0004B3BD /* Product.swift */,
			);
			path = GoodAsOldPhones;
			sourceTree = "<group>";
		};
/* End PBXGroup section */

/* Begin PBXNativeTarget section */
		9E8383DD1C8B82D90014D24C /* GoodAsOldPhones */ = {
			isa = PBXNativeTarget;
			buildConfigurationList = 9E8383F01C8B82D90014D24C /* Build configuration list for PBXNativeTarget "GoodAsOldPhones" */;
			buildPhases = (
				9E8383DA1C8B82D90014D24C /* Sources */,
				9E8383DB1C8B82D90014D24C /* Frameworks */,
				9E8383DC1C8B82D90014D24C /* Resources */,
			);
			buildRules = (
			);
			dependencies = (
			);
			name = GoodAsOldPhones;
			productName = GoodAsOldPhones;
			productReference = 9E8383DE1C8B82D90014D24C /* GoodAsOldPhones.app */;
			productType = "com.apple.product-type.application";
		};
/* End PBXNativeTarget section */

/* Begin PBXProject section */
		9E8383D61C8B82D90014D24C /* Project object */ = {
			isa = PBXProject;
			attributes = {
				LastSwiftUpdateCheck = 0720;
				LastUpgradeCheck = 0720;
				ORGANIZATIONNAME = "Serguei Outenkov";
				TargetAttributes = {
					9E8383DD1C8B82D90014D24C = {
						CreatedOnToolsVersion = 7.2.1;
					};
				};
			};
			buildConfigurationList = 9E8383D91C8B82D90014D24C /* Build configuration list for PBXProject "GoodAsOldPhones" */;
			compatibilityVersion = "Xcode 3.2";
			developmentRegion = English;
			hasScannedForEncodings = 0;
			knownRegions = (
				en,
				Base,
			);
			mainGroup = 9E8383D51C8B82D90014D24C;
			productRefGroup = 9E8383DF1C8B82D90014D24C /* Products */;
			projectDirPath = "";
			projectRoot = "";
			targets = (
				9E8383DD1C8B82D90014D24C /* GoodAsOldPhones */,
			);
		};
/* End PBXProject section */

/* Begin PBXResourcesBuildPhase section */
		9E8383DC1C8B82D90014D24C /* Resources */ = {
			isa = PBXResourcesBuildPhase;
			buildActionMask = 2147483647;
			files = (
				9E8383EC1C8B82D90014D24C /* LaunchScreen.storyboard in Resources */,
				9E8383E91C8B82D90014D24C /* Assets.xcassets in Resources */,
				9E8383E71C8B82D90014D24C /* Main.storyboard in Resources */,
			);
			runOnlyForDeploymentPostprocessing = 0;
		};
/* End PBXResourcesBuildPhase section */

/* Begin PBXSourcesBuildPhase section */
		9E8383DA1C8B82D90014D24C /* Sources */ = {
			isa = PBXSourcesBuildPhase;
			buildActionMask = 2147483647;
			files = (
				9E8383F81C8B9CF20014D24C /* ProductsTableViewController.swift in Sources */,
				9E8383F41C8B8EA50014D24C /* ProductViewController.swift in Sources */,
				9EA6D3D11C8CBD4E0004B3BD /* Product.swift in Sources */,
				9E8383E21C8B82D90014D24C /* AppDelegate.swift in Sources */,
				9E8383F61C8B95BF0014D24C /* ContactViewController.swift in Sources */,
			);
			runOnlyForDeploymentPostprocessing = 0;
		};
/* End PBXSourcesBuildPhase section */

/* Begin PBXVariantGroup section */
		9E8383E51C8B82D90014D24C /* Main.storyboard */ = {
			isa = PBXVariantGroup;
			children = (
				9E8383E61C8B82D90014D24C /* Base */,
			);
			name = Main.storyboard;
			sourceTree = "<group>";
		};
		9E8383EA1C8B82D90014D24C /* LaunchScreen.storyboard */ = {
			isa = PBXVariantGroup;
			children = (
				9E8383EB1C8B82D90014D24C /* Base */,
			);
			name = LaunchScreen.storyboard;
			sourceTree = "<group>";
		};
/* End PBXVariantGroup section */

/* Begin XCBuildConfiguration section */
		9E8383EE1C8B82D90014D24C /* Debug */ = {
			isa = XCBuildConfiguration;
			buildSettings = {
				ALWAYS_SEARCH_USER_PATHS = NO;
				CLANG_CXX_LANGUAGE_STANDARD = "gnu++0x";
				CLANG_CXX_LIBRARY = "libc++";
				CLANG_ENABLE_MODULES = YES;
				CLANG_ENABLE_OBJC_ARC = YES;
				CLANG_WARN_BOOL_CONVERSION = YES;
				CLANG_WARN_CONSTANT_CONVERSION = YES;
				CLANG_WARN_DIRECT_OBJC_ISA_USAGE = YES_ERROR;
				CLANG_WARN_EMPTY_BODY = YES;
				CLANG_WARN_ENUM_CONVERSION = YES;
				CLANG_WARN_INT_CONVERSION = YES;
				CLANG_WARN_OBJC_ROOT_CLASS = YES_ERROR;
				CLANG_WARN_UNREACHABLE_CODE = YES;
				CLANG_WARN__DUPLICATE_METHOD_MATCH = YES;
				"CODE_SIGN_IDENTITY[sdk=iphoneos*]" = "iPhone Developer";
				COPY_PHASE_STRIP = NO;
				DEBUG_INFORMATION_FORMAT = dwarf;
				ENABLE_STRICT_OBJC_MSGSEND = YES;
				ENABLE_TESTABILITY = YES;
				GCC_C_LANGUAGE_STANDARD = gnu99;
				GCC_DYNAMIC_NO_PIC = NO;
				GCC_NO_COMMON_BLOCKS = YES;
				GCC_OPTIMIZATION_LEVEL = 0;
				GCC_PREPROCESSOR_DEFINITIONS = (
					"DEBUG=1",
					"$(inherited)",
				);
				GCC_WARN_64_TO_32_BIT_CONVERSION = YES;
				GCC_WARN_ABOUT_RETURN_TYPE = YES_ERROR;
				GCC_WARN_UNDECLARED_SELECTOR = YES;
				GCC_WARN_UNINITIALIZED_AUTOS = YES_AGGRESSIVE;
				GCC_WARN_UNUSED_FUNCTION = YES;
				GCC_WARN_UNUSED_VARIABLE = YES;
				IPHONEOS_DEPLOYMENT_TARGET = 9.2;
				MTL_ENABLE_DEBUG_INFO = YES;
				ONLY_ACTIVE_ARCH = YES;
				SDKROOT = iphoneos;
				SWIFT_OPTIMIZATION_LEVEL = "-Onone";
				TARGETED_DEVICE_FAMILY = "1,2";
			};
			name = Debug;
		};
		9E8383EF1C8B82D90014D24C /* Release */ = {
			isa = XCBuildConfiguration;
			buildSettings = {
				ALWAYS_SEARCH_USER_PATHS = NO;
				CLANG_CXX_LANGUAGE_STANDARD = "gnu++0x";
				CLANG_CXX_LIBRARY = "libc++";
				CLANG_ENABLE_MODULES = YES;
				CLANG_ENABLE_OBJC_ARC = YES;
				CLANG_WARN_BOOL_CONVERSION = YES;
				CLANG_WARN_CONSTANT_CONVERSION = YES;
				CLANG_WARN_DIRECT_OBJC_ISA_USAGE = YES_ERROR;
				CLANG_WARN_EMPTY_BODY = YES;
				CLANG_WARN_ENUM_CONVERSION = YES;
				CLANG_WARN_INT_CONVERSION = YES;
				CLANG_WARN_OBJC_ROOT_CLASS = YES_ERROR;
				CLANG_WARN_UNREACHABLE_CODE = YES;
				CLANG_WARN__DUPLICATE_METHOD_MATCH = YES;
				"CODE_SIGN_IDENTITY[sdk=iphoneos*]" = "iPhone Developer";
				COPY_PHASE_STRIP = NO;
				DEBUG_INFORMATION_FORMAT = "dwarf-with-dsym";
				ENABLE_NS_ASSERTIONS = NO;
				ENABLE_STRICT_OBJC_MSGSEND = YES;
				GCC_C_LANGUAGE_STANDARD = gnu99;
				GCC_NO_COMMON_BLOCKS = YES;
				GCC_WARN_64_TO_32_BIT_CONVERSION = YES;
				GCC_WARN_ABOUT_RETURN_TYPE = YES_ERROR;
				GCC_WARN_UNDECLARED_SELECTOR = YES;
				GCC_WARN_UNINITIALIZED_AUTOS = YES_AGGRESSIVE;
				GCC_WARN_UNUSED_FUNCTION = YES;
				GCC_WARN_UNUSED_VARIABLE = YES;
				IPHONEOS_DEPLOYMENT_TARGET = 9.2;
				MTL_ENABLE_DEBUG_INFO = NO;
				SDKROOT = iphoneos;
				TARGETED_DEVICE_FAMILY = "1,2";
				VALIDATE_PRODUCT = YES;
			};
			name = Release;
		};
		9E8383F11C8B82D90014D24C /* Debug */ = {
			isa = XCBuildConfiguration;
			buildSettings = {
				ASSETCATALOG_COMPILER_APPICON_NAME = AppIcon;
				INFOPLIST_FILE = GoodAsOldPhones/Info.plist;
				LD_RUNPATH_SEARCH_PATHS = "$(inherited) @executable_path/Frameworks";
				PRODUCT_BUNDLE_IDENTIFIER = com.sergueioutenkov.GoodAsOldPhones;
				PRODUCT_NAME = "$(TARGET_NAME)";
				TARGETED_DEVICE_FAMILY = 1;
			};
			name = Debug;
		};
		9E8383F21C8B82D90014D24C /* Release */ = {
			isa = XCBuildConfiguration;
			buildSettings = {
				ASSETCATALOG_COMPILER_APPICON_NAME = AppIcon;
				INFOPLIST_FILE = GoodAsOldPhones/Info.plist;
				LD_RUNPATH_SEARCH_PATHS = "$(inherited) @executable_path/Frameworks";
				PRODUCT_BUNDLE_IDENTIFIER = com.sergueioutenkov.GoodAsOldPhones;
				PRODUCT_NAME = "$(TARGET_NAME)";
				TARGETED_DEVICE_FAMILY = 1;
			};
			name = Release;
		};
/* End XCBuildConfiguration section */

/* Begin XCConfigurationList section */
		9E8383D91C8B82D90014D24C /* Build configuration list for PBXProject "GoodAsOldPhones" */ = {
			isa = XCConfigurationList;
			buildConfigurations = (
				9E8383EE1C8B82D90014D24C /* Debug */,
				9E8383EF1C8B82D90014D24C /* Release */,
			);
			defaultConfigurationIsVisible = 0;
			defaultConfigurationName = Release;
		};
		9E8383F01C8B82D90014D24C /* Build configuration list for PBXNativeTarget "GoodAsOldPhones" */ = {
			isa = XCConfigurationList;
			buildConfigurations = (
				9E8383F11C8B82D90014D24C /* Debug */,
				9E8383F21C8B82D90014D24C /* Release */,
			);
			defaultConfigurationIsVisible = 0;
			defaultConfigurationName = Release;
		};
/* End XCConfigurationList section */
	};
	rootObject = 9E8383D61C8B82D90014D24C /* Project object */;
}
